dependencies:
- name: postgresql
  repository: file://./deps/postgresql
  version: 12.5.9
- name: redis
  repository: oci://registry1.dso.mil/bigbang
  version: 21.1.3-bb.0
- name: gluon
  repository: oci://registry1.dso.mil/bigbang
  version: 0.7.0
digest: sha256:05541cb93f919e1ecf54cde390b743d1ae12521573793ad83ca80469d926c375
generated: "2025-08-13T16:37:30.893105-07:00"
