dependencies:
- name: postgresql
  repository: file://./deps/postgresql
  version: 12.4.3
- name: postgresql
  repository: file://./deps/postgresql
  version: 12.4.3
- name: postgresql
  repository: file://./deps/postgresql
  version: 12.4.3
- name: redis
  repository: oci://registry1.dso.mil/bigbang
  version: 17.10.2-bb.0
- name: gluon
  repository: oci://registry1.dso.mil/bigbang
  version: 0.4.0
digest: sha256:cff6e3bc5b41e9a313b2efff1ad8c039123f85ff8dee9d461fac4685ac98fa6d
generated: "2023-06-09T16:40:04.572839-05:00"
