dependencies:
- name: postgresql
  repository: file://./deps/postgresql
  version: 1.0.1
- name: postgresql
  repository: file://./deps/postgresql
  version: 1.0.1
- name: redis
  repository: file://./deps/redis
  version: 14.1.0-bb.0
- name: bb-test-lib
  repository: oci://registry.dso.mil/platform-one/big-bang/pipeline-templates/pipeline-templates
  version: 0.4.0
digest: sha256:95fc02eb4c73428f58530043f2ccea983eb2de36c3e2bed6566deaff6552285c
generated: "2021-06-11T14:51:29.578969-04:00"
